
Microsoft Visual Studio Solution File, Format Version 12.00
# Visual Studio Version 17
VisualStudioVersion = 17.4.33403.182
MinimumVisualStudioVersion = 10.0.40219.1
Project("{FAE04EC0-301F-11D3-BF4B-00C04F79EFBC}") = "SimuladorModeloNegocio", "SimuladorModeloNegocio\SimuladorModeloNegocio.csproj", "{B132D159-BD07-4AA1-9B2A-2629A98FD1EC}"
EndProject
Global
	GlobalSection(SolutionConfigurationPlatforms) = preSolution
		Debug|Any CPU = Debug|Any CPU
		Release|Any CPU = Release|Any CPU
	EndGlobalSection
	GlobalSection(ProjectConfigurationPlatforms) = postSolution
		{B132D159-BD07-4AA1-9B2A-2629A98FD1EC}.Debug|Any CPU.ActiveCfg = Debug|Any CPU
		{B132D159-BD07-4AA1-9B2A-2629A98FD1EC}.Debug|Any CPU.Build.0 = Debug|Any CPU
		{B132D159-BD07-4AA1-9B2A-2629A98FD1EC}.Release|Any CPU.ActiveCfg = Release|Any CPU
		{B132D159-BD07-4AA1-9B2A-2629A98FD1EC}.Release|Any CPU.Build.0 = Release|Any CPU
	EndGlobalSection
	GlobalSection(SolutionProperties) = preSolution
		HideSolutionNode = FALSE
	EndGlobalSection
	GlobalSection(ExtensibilityGlobals) = postSolution
		SolutionGuid = {11377232-B009-456A-AB67-8B003ED421DE}
	EndGlobalSection
EndGlobal
