
Microsoft Visual Studio Solution File, Format Version 12.00
# Visual Studio Version 17
VisualStudioVersion = 17.4.33403.182
MinimumVisualStudioVersion = 10.0.40219.1
Project("{FAE04EC0-301F-11D3-BF4B-00C04F79EFBC}") = "SimuladorAlumnos", "SimuladorAlumnos\SimuladorAlumnos.csproj", "{ADF3AED9-CC2F-4C90-8EDE-3E4A44422267}"
EndProject
Global
	GlobalSection(SolutionConfigurationPlatforms) = preSolution
		Debug|Any CPU = Debug|Any CPU
		Release|Any CPU = Release|Any CPU
	EndGlobalSection
	GlobalSection(ProjectConfigurationPlatforms) = postSolution
		{ADF3AED9-CC2F-4C90-8EDE-3E4A44422267}.Debug|Any CPU.ActiveCfg = Debug|Any CPU
		{ADF3AED9-CC2F-4C90-8EDE-3E4A44422267}.Debug|Any CPU.Build.0 = Debug|Any CPU
		{ADF3AED9-CC2F-4C90-8EDE-3E4A44422267}.Release|Any CPU.ActiveCfg = Release|Any CPU
		{ADF3AED9-CC2F-4C90-8EDE-3E4A44422267}.Release|Any CPU.Build.0 = Release|Any CPU
	EndGlobalSection
	GlobalSection(SolutionProperties) = preSolution
		HideSolutionNode = FALSE
	EndGlobalSection
	GlobalSection(ExtensibilityGlobals) = postSolution
		SolutionGuid = {77CAEECA-70E9-4DC0-AAE4-894BFB625D63}
	EndGlobalSection
EndGlobal
